
Microsoft Visual Studio Solution File, Format Version 12.00
# Visual Studio Version 17
VisualStudioVersion = 17.0.32112.339
MinimumVisualStudioVersion = 10.0.40219.1
Project("{9A19103F-16F7-4668-BE54-9A1E7A4F7556}") = "Mmu.WpfGraphApiTool", "Sources\Application\Mmu.WpfGraphApiTool.csproj", "{85FC0994-82EB-4FD0-9643-D2B3B14211BB}"
EndProject
Global
	GlobalSection(SolutionConfigurationPlatforms) = preSolution
		Debug|Any CPU = Debug|Any CPU
		Release|Any CPU = Release|Any CPU
	EndGlobalSection
	GlobalSection(ProjectConfigurationPlatforms) = postSolution
		{85FC0994-82EB-4FD0-9643-D2B3B14211BB}.Debug|Any CPU.ActiveCfg = Debug|Any CPU
		{85FC0994-82EB-4FD0-9643-D2B3B14211BB}.Debug|Any CPU.Build.0 = Debug|Any CPU
		{85FC0994-82EB-4FD0-9643-D2B3B14211BB}.Release|Any CPU.ActiveCfg = Release|Any CPU
		{85FC0994-82EB-4FD0-9643-D2B3B14211BB}.Release|Any CPU.Build.0 = Release|Any CPU
	EndGlobalSection
	GlobalSection(SolutionProperties) = preSolution
		HideSolutionNode = FALSE
	EndGlobalSection
	GlobalSection(ExtensibilityGlobals) = postSolution
		SolutionGuid = {0DFC8646-9A2B-403B-88E0-0EA58B2179EE}
	EndGlobalSection
EndGlobal
